{
  "name": "root",
  "version": "1.0.1",
  "lockfileVersion": 1,
  "requires": true,
  "dependencies": {
    "testpkgjrj01": {
      "version": "file:packages/testpkgjrj01"
    },
    "testpkgjrj02": {
      "version": "file:packages/testpkgjrj02",
      "requires": {
        "testpkgjrj01": "file:packages/testpkgjrj01"
      },
      "dependencies": {
        "testpkgjrj01": {
          "version": "file:packages/testpkgjrj01",
          "bundled": true
        }
      }
    }
  }
}
